
Microsoft Visual Studio Solution File, Format Version 12.00
# Visual Studio Version 16
VisualStudioVersion = 16.0.30804.86
MinimumVisualStudioVersion = 10.0.40219.1
Project("{FAE04EC0-301F-11D3-BF4B-00C04F79EFBC}") = "MyDictionary", "MyDictionary\MyDictionary.csproj", "{3BBC76C2-54FE-4C89-AC18-257CC361CD73}"
EndProject
Global
	GlobalSection(SolutionConfigurationPlatforms) = preSolution
		Debug|Any CPU = Debug|Any CPU
		Release|Any CPU = Release|Any CPU
	EndGlobalSection
	GlobalSection(ProjectConfigurationPlatforms) = postSolution
		{3BBC76C2-54FE-4C89-AC18-257CC361CD73}.Debug|Any CPU.ActiveCfg = Debug|Any CPU
		{3BBC76C2-54FE-4C89-AC18-257CC361CD73}.Debug|Any CPU.Build.0 = Debug|Any CPU
		{3BBC76C2-54FE-4C89-AC18-257CC361CD73}.Release|Any CPU.ActiveCfg = Release|Any CPU
		{3BBC76C2-54FE-4C89-AC18-257CC361CD73}.Release|Any CPU.Build.0 = Release|Any CPU
	EndGlobalSection
	GlobalSection(SolutionProperties) = preSolution
		HideSolutionNode = FALSE
	EndGlobalSection
	GlobalSection(ExtensibilityGlobals) = postSolution
		SolutionGuid = {F226A2A4-13BF-4696-8E76-BC1ACB0755CE}
	EndGlobalSection
EndGlobal
